
Microsoft Visual Studio Solution File, Format Version 12.00
# Visual Studio 14
VisualStudioVersion = 14.0.24720.0
MinimumVisualStudioVersion = 10.0.40219.1
Project("{FAE04EC0-301F-11D3-BF4B-00C04F79EFBC}") = "GitRepo3", "GitRepo3\GitRepo3.csproj", "{6A039B79-F6AF-4D66-BC89-1E8249631CEA}"
EndProject
Global
	GlobalSection(SolutionConfigurationPlatforms) = preSolution
		Debug|Any CPU = Debug|Any CPU
		Release|Any CPU = Release|Any CPU
	EndGlobalSection
	GlobalSection(ProjectConfigurationPlatforms) = postSolution
		{6A039B79-F6AF-4D66-BC89-1E8249631CEA}.Debug|Any CPU.ActiveCfg = Debug|Any CPU
		{6A039B79-F6AF-4D66-BC89-1E8249631CEA}.Debug|Any CPU.Build.0 = Debug|Any CPU
		{6A039B79-F6AF-4D66-BC89-1E8249631CEA}.Release|Any CPU.ActiveCfg = Release|Any CPU
		{6A039B79-F6AF-4D66-BC89-1E8249631CEA}.Release|Any CPU.Build.0 = Release|Any CPU
	EndGlobalSection
	GlobalSection(SolutionProperties) = preSolution
		HideSolutionNode = FALSE
	EndGlobalSection
EndGlobal
